
Microsoft Visual Studio Solution File, Format Version 12.00
# Visual Studio Version 16
VisualStudioVersion = 16.0.30611.23
MinimumVisualStudioVersion = 10.0.40219.1
Project("{FAE04EC0-301F-11D3-BF4B-00C04F79EFBC}") = "BlockbusterLab", "BlockbusterLab\BlockbusterLab.csproj", "{7DEC2631-B177-4C70-B164-30870D17D8F5}"
EndProject
Global
	GlobalSection(SolutionConfigurationPlatforms) = preSolution
		Debug|Any CPU = Debug|Any CPU
		Release|Any CPU = Release|Any CPU
	EndGlobalSection
	GlobalSection(ProjectConfigurationPlatforms) = postSolution
		{7DEC2631-B177-4C70-B164-30870D17D8F5}.Debug|Any CPU.ActiveCfg = Debug|Any CPU
		{7DEC2631-B177-4C70-B164-30870D17D8F5}.Debug|Any CPU.Build.0 = Debug|Any CPU
		{7DEC2631-B177-4C70-B164-30870D17D8F5}.Release|Any CPU.ActiveCfg = Release|Any CPU
		{7DEC2631-B177-4C70-B164-30870D17D8F5}.Release|Any CPU.Build.0 = Release|Any CPU
	EndGlobalSection
	GlobalSection(SolutionProperties) = preSolution
		HideSolutionNode = FALSE
	EndGlobalSection
	GlobalSection(ExtensibilityGlobals) = postSolution
		SolutionGuid = {CEC89401-C482-475B-8040-8A5F6654AB6B}
	EndGlobalSection
EndGlobal
